{
  "name": "assets",
  "lockfileVersion": 3,
  "requires": true,
  "packages": {
    "": {
      "dependencies": {
        "@github/clipboard-copy-element": "^1.2.1"
      }
    },
    "node_modules/@github/clipboard-copy-element": {
      "version": "1.2.1",
      "resolved": "https://registry.npmjs.org/@github/clipboard-copy-element/-/clipboard-copy-element-1.2.1.tgz",
      "integrity": "sha512-PLccyUCnzmOQ6zrRsH66rr67iumJyP5r7ij17ezprFQAK/oA8CXhlC8LTG+xpW3cYAvnp2zCgRNTfXS8wk09Lg=="
    }
  }
}
